
Microsoft Visual Studio Solution File, Format Version 12.00
# Visual Studio Version 16
VisualStudioVersion = 16.0.30128.74
MinimumVisualStudioVersion = 10.0.40219.1
Project("{FAE04EC0-301F-11D3-BF4B-00C04F79EFBC}") = "NoughtsAndCrosses", "NoughtsAndCrosses\NoughtsAndCrosses.csproj", "{EC7AEF3F-0F1C-4F7A-B016-25C9F11C990D}"
EndProject
Global
	GlobalSection(SolutionConfigurationPlatforms) = preSolution
		Debug|Any CPU = Debug|Any CPU
		Release|Any CPU = Release|Any CPU
	EndGlobalSection
	GlobalSection(ProjectConfigurationPlatforms) = postSolution
		{EC7AEF3F-0F1C-4F7A-B016-25C9F11C990D}.Debug|Any CPU.ActiveCfg = Debug|Any CPU
		{EC7AEF3F-0F1C-4F7A-B016-25C9F11C990D}.Debug|Any CPU.Build.0 = Debug|Any CPU
		{EC7AEF3F-0F1C-4F7A-B016-25C9F11C990D}.Release|Any CPU.ActiveCfg = Release|Any CPU
		{EC7AEF3F-0F1C-4F7A-B016-25C9F11C990D}.Release|Any CPU.Build.0 = Release|Any CPU
	EndGlobalSection
	GlobalSection(SolutionProperties) = preSolution
		HideSolutionNode = FALSE
	EndGlobalSection
	GlobalSection(ExtensibilityGlobals) = postSolution
		SolutionGuid = {7391B44A-F440-4564-AA7D-24EC47ACCCF1}
	EndGlobalSection
EndGlobal
